
Microsoft Visual Studio Solution File, Format Version 12.00
# Visual Studio Version 16
VisualStudioVersion = 16.0.29509.3
MinimumVisualStudioVersion = 10.0.40219.1
Project("{FAE04EC0-301F-11D3-BF4B-00C04F79EFBC}") = "Platformer1.0", "Platformer1.0\Platformer1.0.csproj", "{4831B2CD-2550-4665-8636-279BB847F26C}"
EndProject
Global
	GlobalSection(SolutionConfigurationPlatforms) = preSolution
		Debug|Any CPU = Debug|Any CPU
		Release|Any CPU = Release|Any CPU
	EndGlobalSection
	GlobalSection(ProjectConfigurationPlatforms) = postSolution
		{4831B2CD-2550-4665-8636-279BB847F26C}.Debug|Any CPU.ActiveCfg = Debug|Any CPU
		{4831B2CD-2550-4665-8636-279BB847F26C}.Debug|Any CPU.Build.0 = Debug|Any CPU
		{4831B2CD-2550-4665-8636-279BB847F26C}.Release|Any CPU.ActiveCfg = Release|Any CPU
		{4831B2CD-2550-4665-8636-279BB847F26C}.Release|Any CPU.Build.0 = Release|Any CPU
	EndGlobalSection
	GlobalSection(SolutionProperties) = preSolution
		HideSolutionNode = FALSE
	EndGlobalSection
	GlobalSection(ExtensibilityGlobals) = postSolution
		SolutionGuid = {56F6F602-5E40-478E-9391-5E0D5A25CD79}
	EndGlobalSection
EndGlobal
